
Microsoft Visual Studio Solution File, Format Version 12.00
# Visual Studio Version 17
VisualStudioVersion = 17.0.31903.59
MinimumVisualStudioVersion = 10.0.40219.1
Project("{FAE04EC0-301F-11D3-BF4B-00C04F79EFBC}") = "Application", "Application\Application.csproj", "{ECAC1297-DDFF-46BB-8495-955A882BA1C1}"
EndProject
Project("{FAE04EC0-301F-11D3-BF4B-00C04F79EFBC}") = "Persistence", "Persistence\Persistence.csproj", "{C1D2A6E3-1E90-451D-8497-8BA2838F9201}"
EndProject
Project("{FAE04EC0-301F-11D3-BF4B-00C04F79EFBC}") = "Domain", "Domain\Domain.csproj", "{95068576-FC46-4E29-88D2-1332ADD0B9E0}"
EndProject
Project("{FAE04EC0-301F-11D3-BF4B-00C04F79EFBC}") = "API", "API\API.csproj", "{CBA83C36-B683-442D-BE03-ED19FAA8FF15}"
EndProject
Project("{FAE04EC0-301F-11D3-BF4B-00C04F79EFBC}") = "Infrastructure", "Infrastructure\Infrastructure.csproj", "{4189FFE8-A848-49F5-8B5F-DD4C4AAEF778}"
EndProject
Global
	GlobalSection(SolutionConfigurationPlatforms) = preSolution
		Debug|Any CPU = Debug|Any CPU
		Debug|x64 = Debug|x64
		Debug|x86 = Debug|x86
		Release|Any CPU = Release|Any CPU
		Release|x64 = Release|x64
		Release|x86 = Release|x86
	EndGlobalSection
	GlobalSection(ProjectConfigurationPlatforms) = postSolution
		{ECAC1297-DDFF-46BB-8495-955A882BA1C1}.Debug|Any CPU.ActiveCfg = Debug|Any CPU
		{ECAC1297-DDFF-46BB-8495-955A882BA1C1}.Debug|Any CPU.Build.0 = Debug|Any CPU
		{ECAC1297-DDFF-46BB-8495-955A882BA1C1}.Debug|x64.ActiveCfg = Debug|Any CPU
		{ECAC1297-DDFF-46BB-8495-955A882BA1C1}.Debug|x64.Build.0 = Debug|Any CPU
		{ECAC1297-DDFF-46BB-8495-955A882BA1C1}.Debug|x86.ActiveCfg = Debug|Any CPU
		{ECAC1297-DDFF-46BB-8495-955A882BA1C1}.Debug|x86.Build.0 = Debug|Any CPU
		{ECAC1297-DDFF-46BB-8495-955A882BA1C1}.Release|Any CPU.ActiveCfg = Release|Any CPU
		{ECAC1297-DDFF-46BB-8495-955A882BA1C1}.Release|Any CPU.Build.0 = Release|Any CPU
		{ECAC1297-DDFF-46BB-8495-955A882BA1C1}.Release|x64.ActiveCfg = Release|Any CPU
		{ECAC1297-DDFF-46BB-8495-955A882BA1C1}.Release|x64.Build.0 = Release|Any CPU
		{ECAC1297-DDFF-46BB-8495-955A882BA1C1}.Release|x86.ActiveCfg = Release|Any CPU
		{ECAC1297-DDFF-46BB-8495-955A882BA1C1}.Release|x86.Build.0 = Release|Any CPU
		{C1D2A6E3-1E90-451D-8497-8BA2838F9201}.Debug|Any CPU.ActiveCfg = Debug|Any CPU
		{C1D2A6E3-1E90-451D-8497-8BA2838F9201}.Debug|Any CPU.Build.0 = Debug|Any CPU
		{C1D2A6E3-1E90-451D-8497-8BA2838F9201}.Debug|x64.ActiveCfg = Debug|Any CPU
		{C1D2A6E3-1E90-451D-8497-8BA2838F9201}.Debug|x64.Build.0 = Debug|Any CPU
		{C1D2A6E3-1E90-451D-8497-8BA2838F9201}.Debug|x86.ActiveCfg = Debug|Any CPU
		{C1D2A6E3-1E90-451D-8497-8BA2838F9201}.Debug|x86.Build.0 = Debug|Any CPU
		{C1D2A6E3-1E90-451D-8497-8BA2838F9201}.Release|Any CPU.ActiveCfg = Release|Any CPU
		{C1D2A6E3-1E90-451D-8497-8BA2838F9201}.Release|Any CPU.Build.0 = Release|Any CPU
		{C1D2A6E3-1E90-451D-8497-8BA2838F9201}.Release|x64.ActiveCfg = Release|Any CPU
		{C1D2A6E3-1E90-451D-8497-8BA2838F9201}.Release|x64.Build.0 = Release|Any CPU
		{C1D2A6E3-1E90-451D-8497-8BA2838F9201}.Release|x86.ActiveCfg = Release|Any CPU
		{C1D2A6E3-1E90-451D-8497-8BA2838F9201}.Release|x86.Build.0 = Release|Any CPU
		{95068576-FC46-4E29-88D2-1332ADD0B9E0}.Debug|Any CPU.ActiveCfg = Debug|Any CPU
		{95068576-FC46-4E29-88D2-1332ADD0B9E0}.Debug|Any CPU.Build.0 = Debug|Any CPU
		{95068576-FC46-4E29-88D2-1332ADD0B9E0}.Debug|x64.ActiveCfg = Debug|Any CPU
		{95068576-FC46-4E29-88D2-1332ADD0B9E0}.Debug|x64.Build.0 = Debug|Any CPU
		{95068576-FC46-4E29-88D2-1332ADD0B9E0}.Debug|x86.ActiveCfg = Debug|Any CPU
		{95068576-FC46-4E29-88D2-1332ADD0B9E0}.Debug|x86.Build.0 = Debug|Any CPU
		{95068576-FC46-4E29-88D2-1332ADD0B9E0}.Release|Any CPU.ActiveCfg = Release|Any CPU
		{95068576-FC46-4E29-88D2-1332ADD0B9E0}.Release|Any CPU.Build.0 = Release|Any CPU
		{95068576-FC46-4E29-88D2-1332ADD0B9E0}.Release|x64.ActiveCfg = Release|Any CPU
		{95068576-FC46-4E29-88D2-1332ADD0B9E0}.Release|x64.Build.0 = Release|Any CPU
		{95068576-FC46-4E29-88D2-1332ADD0B9E0}.Release|x86.ActiveCfg = Release|Any CPU
		{95068576-FC46-4E29-88D2-1332ADD0B9E0}.Release|x86.Build.0 = Release|Any CPU
		{CBA83C36-B683-442D-BE03-ED19FAA8FF15}.Debug|Any CPU.ActiveCfg = Debug|Any CPU
		{CBA83C36-B683-442D-BE03-ED19FAA8FF15}.Debug|Any CPU.Build.0 = Debug|Any CPU
		{CBA83C36-B683-442D-BE03-ED19FAA8FF15}.Debug|x64.ActiveCfg = Debug|Any CPU
		{CBA83C36-B683-442D-BE03-ED19FAA8FF15}.Debug|x64.Build.0 = Debug|Any CPU
		{CBA83C36-B683-442D-BE03-ED19FAA8FF15}.Debug|x86.ActiveCfg = Debug|Any CPU
		{CBA83C36-B683-442D-BE03-ED19FAA8FF15}.Debug|x86.Build.0 = Debug|Any CPU
		{CBA83C36-B683-442D-BE03-ED19FAA8FF15}.Release|Any CPU.ActiveCfg = Release|Any CPU
		{CBA83C36-B683-442D-BE03-ED19FAA8FF15}.Release|Any CPU.Build.0 = Release|Any CPU
		{CBA83C36-B683-442D-BE03-ED19FAA8FF15}.Release|x64.ActiveCfg = Release|Any CPU
		{CBA83C36-B683-442D-BE03-ED19FAA8FF15}.Release|x64.Build.0 = Release|Any CPU
		{CBA83C36-B683-442D-BE03-ED19FAA8FF15}.Release|x86.ActiveCfg = Release|Any CPU
		{CBA83C36-B683-442D-BE03-ED19FAA8FF15}.Release|x86.Build.0 = Release|Any CPU
		{4189FFE8-A848-49F5-8B5F-DD4C4AAEF778}.Debug|Any CPU.ActiveCfg = Debug|Any CPU
		{4189FFE8-A848-49F5-8B5F-DD4C4AAEF778}.Debug|Any CPU.Build.0 = Debug|Any CPU
		{4189FFE8-A848-49F5-8B5F-DD4C4AAEF778}.Debug|x64.ActiveCfg = Debug|Any CPU
		{4189FFE8-A848-49F5-8B5F-DD4C4AAEF778}.Debug|x64.Build.0 = Debug|Any CPU
		{4189FFE8-A848-49F5-8B5F-DD4C4AAEF778}.Debug|x86.ActiveCfg = Debug|Any CPU
		{4189FFE8-A848-49F5-8B5F-DD4C4AAEF778}.Debug|x86.Build.0 = Debug|Any CPU
		{4189FFE8-A848-49F5-8B5F-DD4C4AAEF778}.Release|Any CPU.ActiveCfg = Release|Any CPU
		{4189FFE8-A848-49F5-8B5F-DD4C4AAEF778}.Release|Any CPU.Build.0 = Release|Any CPU
		{4189FFE8-A848-49F5-8B5F-DD4C4AAEF778}.Release|x64.ActiveCfg = Release|Any CPU
		{4189FFE8-A848-49F5-8B5F-DD4C4AAEF778}.Release|x64.Build.0 = Release|Any CPU
		{4189FFE8-A848-49F5-8B5F-DD4C4AAEF778}.Release|x86.ActiveCfg = Release|Any CPU
		{4189FFE8-A848-49F5-8B5F-DD4C4AAEF778}.Release|x86.Build.0 = Release|Any CPU
	EndGlobalSection
	GlobalSection(SolutionProperties) = preSolution
		HideSolutionNode = FALSE
	EndGlobalSection
EndGlobal
